// !$*UTF8*$!
{
	archiveVersion = 1;
	classes = {
	};
	objectVersion = 50;
	objects = {

/* Begin PBXBuildFile section */
		046E330725C2646C002B2859 /* AppDelegate.swift in Sources */ = {isa = PBXBuildFile; fileRef = 046E330625C2646C002B2859 /* AppDelegate.swift */; };
		046E330925C2646C002B2859 /* SceneDelegate.swift in Sources */ = {isa = PBXBuildFile; fileRef = 046E330825C2646C002B2859 /* SceneDelegate.swift */; };
		046E330B25C2646C002B2859 /* ContentView.swift in Sources */ = {isa = PBXBuildFile; fileRef = 046E330A25C2646C002B2859 /* ContentView.swift */; };
		046E330D25C2646F002B2859 /* Assets.xcassets in Resources */ = {isa = PBXBuildFile; fileRef = 046E330C25C2646F002B2859 /* Assets.xcassets */; };
		046E331025C2646F002B2859 /* Preview Assets.xcassets in Resources */ = {isa = PBXBuildFile; fileRef = 046E330F25C2646F002B2859 /* Preview Assets.xcassets */; };
		046E331325C2646F002B2859 /* LaunchScreen.storyboard in Resources */ = {isa = PBXBuildFile; fileRef = 046E331125C2646F002B2859 /* LaunchScreen.storyboard */; };
		046E331E25C26470002B2859 /* FormulirTests.swift in Sources */ = {isa = PBXBuildFile; fileRef = 046E331D25C26470002B2859 /* FormulirTests.swift */; };
		046E332925C26470002B2859 /* FormulirUITests.swift in Sources */ = {isa = PBXBuildFile; fileRef = 046E332825C26470002B2859 /* FormulirUITests.swift */; };
/* End PBXBuildFile section */

/* Begin PBXContainerItemProxy section */
		046E331A25C26470002B2859 /* PBXContainerItemProxy */ = {
			isa = PBXContainerItemProxy;
			containerPortal = 046E32FB25C2646C002B2859 /* Project object */;
			proxyType = 1;
			remoteGlobalIDString = 046E330225C2646C002B2859;
			remoteInfo = Formulir;
		};
		046E332525C26470002B2859 /* PBXContainerItemProxy */ = {
			isa = PBXContainerItemProxy;
			containerPortal = 046E32FB25C2646C002B2859 /* Project object */;
			proxyType = 1;
			remoteGlobalIDString = 046E330225C2646C002B2859;
			remoteInfo = Formulir;
		};
/* End PBXContainerItemProxy section */

/* Begin PBXFileReference section */
		046E330325C2646C002B2859 /* Formulir.app */ = {isa = PBXFileReference; explicitFileType = wrapper.application; includeInIndex = 0; path = Formulir.app; sourceTree = BUILT_PRODUCTS_DIR; };
		046E330625C2646C002B2859 /* AppDelegate.swift */ = {isa = PBXFileReference; lastKnownFileType = sourcecode.swift; path = AppDelegate.swift; sourceTree = "<group>"; };
		046E330825C2646C002B2859 /* SceneDelegate.swift */ = {isa = PBXFileReference; lastKnownFileType = sourcecode.swift; path = SceneDelegate.swift; sourceTree = "<group>"; };
		046E330A25C2646C002B2859 /* ContentView.swift */ = {isa = PBXFileReference; lastKnownFileType = sourcecode.swift; path = ContentView.swift; sourceTree = "<group>"; };
		046E330C25C2646F002B2859 /* Assets.xcassets */ = {isa = PBXFileReference; lastKnownFileType = folder.assetcatalog; path = Assets.xcassets; sourceTree = "<group>"; };
		046E330F25C2646F002B2859 /* Preview Assets.xcassets */ = {isa = PBXFileReference; lastKnownFileType = folder.assetcatalog; path = "Preview Assets.xcassets"; sourceTree = "<group>"; };
		046E331225C2646F002B2859 /* Base */ = {isa = PBXFileReference; lastKnownFileType = file.storyboard; name = Base; path = Base.lproj/LaunchScreen.storyboard; sourceTree = "<group>"; };
		046E331425C26470002B2859 /* Info.plist */ = {isa = PBXFileReference; lastKnownFileType = text.plist.xml; path = Info.plist; sourceTree = "<group>"; };
		046E331925C26470002B2859 /* FormulirTests.xctest */ = {isa = PBXFileReference; explicitFileType = wrapper.cfbundle; includeInIndex = 0; path = FormulirTests.xctest; sourceTree = BUILT_PRODUCTS_DIR; };
		046E331D25C26470002B2859 /* FormulirTests.swift */ = {isa = PBXFileReference; lastKnownFileType = sourcecode.swift; path = FormulirTests.swift; sourceTree = "<group>"; };
		046E331F25C26470002B2859 /* Info.plist */ = {isa = PBXFileReference; lastKnownFileType = text.plist.xml; path = Info.plist; sourceTree = "<group>"; };
		046E332425C26470002B2859 /* FormulirUITests.xctest */ = {isa = PBXFileReference; explicitFileType = wrapper.cfbundle; includeInIndex = 0; path = FormulirUITests.xctest; sourceTree = BUILT_PRODUCTS_DIR; };
		046E332825C26470002B2859 /* FormulirUITests.swift */ = {isa = PBXFileReference; lastKnownFileType = sourcecode.swift; path = FormulirUITests.swift; sourceTree = "<group>"; };
		046E332A25C26470002B2859 /* Info.plist */ = {isa = PBXFileReference; lastKnownFileType = text.plist.xml; path = Info.plist; sourceTree = "<group>"; };
/* End PBXFileReference section */

/* Begin PBXFrameworksBuildPhase section */
		046E330025C2646C002B2859 /* Frameworks */ = {
			isa = PBXFrameworksBuildPhase;
			buildActionMask = 2147483647;
			files = (
			);
			runOnlyForDeploymentPostprocessing = 0;
		};
		046E331625C26470002B2859 /* Frameworks */ = {
			isa = PBXFrameworksBuildPhase;
			buildActionMask = 2147483647;
			files = (
			);
			runOnlyForDeploymentPostprocessing = 0;
		};
		046E332125C26470002B2859 /* Frameworks */ = {
			isa = PBXFrameworksBuildPhase;
			buildActionMask = 2147483647;
			files = (
			);
			runOnlyForDeploymentPostprocessing = 0;
		};
/* End PBXFrameworksBuildPhase section */

/* Begin PBXGroup section */
		046E32FA25C2646C002B2859 = {
			isa = PBXGroup;
			children = (
				046E330525C2646C002B2859 /* Formulir */,
				046E331C25C26470002B2859 /* FormulirTests */,
				046E332725C26470002B2859 /* FormulirUITests */,
				046E330425C2646C002B2859 /* Products */,
			);
			sourceTree = "<group>";
		};
		046E330425C2646C002B2859 /* Products */ = {
			isa = PBXGroup;
			children = (
				046E330325C2646C002B2859 /* Formulir.app */,
				046E331925C26470002B2859 /* FormulirTests.xctest */,
				046E332425C26470002B2859 /* FormulirUITests.xctest */,
			);
			name = Products;
			sourceTree = "<group>";
		};
		046E330525C2646C002B2859 /* Formulir */ = {
			isa = PBXGroup;
			children = (
				046E330625C2646C002B2859 /* AppDelegate.swift */,
				046E330825C2646C002B2859 /* SceneDelegate.swift */,
				046E330A25C2646C002B2859 /* ContentView.swift */,
				046E330C25C2646F002B2859 /* Assets.xcassets */,
				046E331125C2646F002B2859 /* LaunchScreen.storyboard */,
				046E331425C26470002B2859 /* Info.plist */,
				046E330E25C2646F002B2859 /* Preview Content */,
			);
			path = Formulir;
			sourceTree = "<group>";
		};
		046E330E25C2646F002B2859 /* Preview Content */ = {
			isa = PBXGroup;
			children = (
				046E330F25C2646F002B2859 /* Preview Assets.xcassets */,
			);
			path = "Preview Content";
			sourceTree = "<group>";
		};
		046E331C25C26470002B2859 /* FormulirTests */ = {
			isa = PBXGroup;
			children = (
				046E331D25C26470002B2859 /* FormulirTests.swift */,
				046E331F25C26470002B2859 /* Info.plist */,
			);
			path = FormulirTests;
			sourceTree = "<group>";
		};
		046E332725C26470002B2859 /* FormulirUITests */ = {
			isa = PBXGroup;
			children = (
				046E332825C26470002B2859 /* FormulirUITests.swift */,
				046E332A25C26470002B2859 /* Info.plist */,
			);
			path = FormulirUITests;
			sourceTree = "<group>";
		};
/* End PBXGroup section */

/* Begin PBXNativeTarget section */
		046E330225C2646C002B2859 /* Formulir */ = {
			isa = PBXNativeTarget;
			buildConfigurationList = 046E332D25C26470002B2859 /* Build configuration list for PBXNativeTarget "Formulir" */;
			buildPhases = (
				046E32FF25C2646C002B2859 /* Sources */,
				046E330025C2646C002B2859 /* Frameworks */,
				046E330125C2646C002B2859 /* Resources */,
			);
			buildRules = (
			);
			dependencies = (
			);
			name = Formulir;
			productName = Formulir;
			productReference = 046E330325C2646C002B2859 /* Formulir.app */;
			productType = "com.apple.product-type.application";
		};
		046E331825C26470002B2859 /* FormulirTests */ = {
			isa = PBXNativeTarget;
			buildConfigurationList = 046E333025C26470002B2859 /* Build configuration list for PBXNativeTarget "FormulirTests" */;
			buildPhases = (
				046E331525C26470002B2859 /* Sources */,
				046E331625C26470002B2859 /* Frameworks */,
				046E331725C26470002B2859 /* Resources */,
			);
			buildRules = (
			);
			dependencies = (
				046E331B25C26470002B2859 /* PBXTargetDependency */,
			);
			name = FormulirTests;
			productName = FormulirTests;
			productReference = 046E331925C26470002B2859 /* FormulirTests.xctest */;
			productType = "com.apple.product-type.bundle.unit-test";
		};
		046E332325C26470002B2859 /* FormulirUITests */ = {
			isa = PBXNativeTarget;
			buildConfigurationList = 046E333325C26470002B2859 /* Build configuration list for PBXNativeTarget "FormulirUITests" */;
			buildPhases = (
				046E332025C26470002B2859 /* Sources */,
				046E332125C26470002B2859 /* Frameworks */,
				046E332225C26470002B2859 /* Resources */,
			);
			buildRules = (
			);
			dependencies = (
				046E332625C26470002B2859 /* PBXTargetDependency */,
			);
			name = FormulirUITests;
			productName = FormulirUITests;
			productReference = 046E332425C26470002B2859 /* FormulirUITests.xctest */;
			productType = "com.apple.product-type.bundle.ui-testing";
		};
/* End PBXNativeTarget section */

/* Begin PBXProject section */
		046E32FB25C2646C002B2859 /* Project object */ = {
			isa = PBXProject;
			attributes = {
				LastSwiftUpdateCheck = 1170;
				LastUpgradeCheck = 1170;
				ORGANIZATIONNAME = MAC;
				TargetAttributes = {
					046E330225C2646C002B2859 = {
						CreatedOnToolsVersion = 11.7;
					};
					046E331825C26470002B2859 = {
						CreatedOnToolsVersion = 11.7;
						TestTargetID = 046E330225C2646C002B2859;
					};
					046E332325C26470002B2859 = {
						CreatedOnToolsVersion = 11.7;
						TestTargetID = 046E330225C2646C002B2859;
					};
				};
			};
			buildConfigurationList = 046E32FE25C2646C002B2859 /* Build configuration list for PBXProject "Formulir" */;
			compatibilityVersion = "Xcode 9.3";
			developmentRegion = en;
			hasScannedForEncodings = 0;
			knownRegions = (
				en,
				Base,
			);
			mainGroup = 046E32FA25C2646C002B2859;
			productRefGroup = 046E330425C2646C002B2859 /* Products */;
			projectDirPath = "";
			projectRoot = "";
			targets = (
				046E330225C2646C002B2859 /* Formulir */,
				046E331825C26470002B2859 /* FormulirTests */,
				046E332325C26470002B2859 /* FormulirUITests */,
			);
		};
/* End PBXProject section */

/* Begin PBXResourcesBuildPhase section */
		046E330125C2646C002B2859 /* Resources */ = {
			isa = PBXResourcesBuildPhase;
			buildActionMask = 2147483647;
			files = (
				046E331325C2646F002B2859 /* LaunchScreen.storyboard in Resources */,
				046E331025C2646F002B2859 /* Preview Assets.xcassets in Resources */,
				046E330D25C2646F002B2859 /* Assets.xcassets in Resources */,
			);
			runOnlyForDeploymentPostprocessing = 0;
		};
		046E331725C26470002B2859 /* Resources */ = {
			isa = PBXResourcesBuildPhase;
			buildActionMask = 2147483647;
			files = (
			);
			runOnlyForDeploymentPostprocessing = 0;
		};
		046E332225C26470002B2859 /* Resources */ = {
			isa = PBXResourcesBuildPhase;
			buildActionMask = 2147483647;
			files = (
			);
			runOnlyForDeploymentPostprocessing = 0;
		};
/* End PBXResourcesBuildPhase section */

/* Begin PBXSourcesBuildPhase section */
		046E32FF25C2646C002B2859 /* Sources */ = {
			isa = PBXSourcesBuildPhase;
			buildActionMask = 2147483647;
			files = (
				046E330725C2646C002B2859 /* AppDelegate.swift in Sources */,
				046E330925C2646C002B2859 /* SceneDelegate.swift in Sources */,
				046E330B25C2646C002B2859 /* ContentView.swift in Sources */,
			);
			runOnlyForDeploymentPostprocessing = 0;
		};
		046E331525C26470002B2859 /* Sources */ = {
			isa = PBXSourcesBuildPhase;
			buildActionMask = 2147483647;
			files = (
				046E331E25C26470002B2859 /* FormulirTests.swift in Sources */,
			);
			runOnlyForDeploymentPostprocessing = 0;
		};
		046E332025C26470002B2859 /* Sources */ = {
			isa = PBXSourcesBuildPhase;
			buildActionMask = 2147483647;
			files = (
				046E332925C26470002B2859 /* FormulirUITests.swift in Sources */,
			);
			runOnlyForDeploymentPostprocessing = 0;
		};
/* End PBXSourcesBuildPhase section */

/* Begin PBXTargetDependency section */
		046E331B25C26470002B2859 /* PBXTargetDependency */ = {
			isa = PBXTargetDependency;
			target = 046E330225C2646C002B2859 /* Formulir */;
			targetProxy = 046E331A25C26470002B2859 /* PBXContainerItemProxy */;
		};
		046E332625C26470002B2859 /* PBXTargetDependency */ = {
			isa = PBXTargetDependency;
			target = 046E330225C2646C002B2859 /* Formulir */;
			targetProxy = 046E332525C26470002B2859 /* PBXContainerItemProxy */;
		};
/* End PBXTargetDependency section */

/* Begin PBXVariantGroup section */
		046E331125C2646F002B2859 /* LaunchScreen.storyboard */ = {
			isa = PBXVariantGroup;
			children = (
				046E331225C2646F002B2859 /* Base */,
			);
			name = LaunchScreen.storyboard;
			sourceTree = "<group>";
		};
/* End PBXVariantGroup section */

/* Begin XCBuildConfiguration section */
		046E332B25C26470002B2859 /* Debug */ = {
			isa = XCBuildConfiguration;
			buildSettings = {
				ALWAYS_SEARCH_USER_PATHS = NO;
				CLANG_ANALYZER_NONNULL = YES;
				CLANG_ANALYZER_NUMBER_OBJECT_CONVERSION = YES_AGGRESSIVE;
				CLANG_CXX_LANGUAGE_STANDARD = "gnu++14";
				CLANG_CXX_LIBRARY = "libc++";
				CLANG_ENABLE_MODULES = YES;
				CLANG_ENABLE_OBJC_ARC = YES;
				CLANG_ENABLE_OBJC_WEAK = YES;
				CLANG_WARN_BLOCK_CAPTURE_AUTORELEASING = YES;
				CLANG_WARN_BOOL_CONVERSION = YES;
				CLANG_WARN_COMMA = YES;
				CLANG_WARN_CONSTANT_CONVERSION = YES;
				CLANG_WARN_DEPRECATED_OBJC_IMPLEMENTATIONS = YES;
				CLANG_WARN_DIRECT_OBJC_ISA_USAGE = YES_ERROR;
				CLANG_WARN_DOCUMENTATION_COMMENTS = YES;
				CLANG_WARN_EMPTY_BODY = YES;
				CLANG_WARN_ENUM_CONVERSION = YES;
				CLANG_WARN_INFINITE_RECURSION = YES;
				CLANG_WARN_INT_CONVERSION = YES;
				CLANG_WARN_NON_LITERAL_NULL_CONVERSION = YES;
				CLANG_WARN_OBJC_IMPLICIT_RETAIN_SELF = YES;
				CLANG_WARN_OBJC_LITERAL_CONVERSION = YES;
				CLANG_WARN_OBJC_ROOT_CLASS = YES_ERROR;
				CLANG_WARN_RANGE_LOOP_ANALYSIS = YES;
				CLANG_WARN_STRICT_PROTOTYPES = YES;
				CLANG_WARN_SUSPICIOUS_MOVE = YES;
				CLANG_WARN_UNGUARDED_AVAILABILITY = YES_AGGRESSIVE;
				CLANG_WARN_UNREACHABLE_CODE = YES;
				CLANG_WARN__DUPLICATE_METHOD_MATCH = YES;
				COPY_PHASE_STRIP = NO;
				DEBUG_INFORMATION_FORMAT = dwarf;
				ENABLE_STRICT_OBJC_MSGSEND = YES;
				ENABLE_TESTABILITY = YES;
				GCC_C_LANGUAGE_STANDARD = gnu11;
				GCC_DYNAMIC_NO_PIC = NO;
				GCC_NO_COMMON_BLOCKS = YES;
				GCC_OPTIMIZATION_LEVEL = 0;
				GCC_PREPROCESSOR_DEFINITIONS = (
					"DEBUG=1",
					"$(inherited)",
				);
				GCC_WARN_64_TO_32_BIT_CONVERSION = YES;
				GCC_WARN_ABOUT_RETURN_TYPE = YES_ERROR;
				GCC_WARN_UNDECLARED_SELECTOR = YES;
				GCC_WARN_UNINITIALIZED_AUTOS = YES_AGGRESSIVE;
				GCC_WARN_UNUSED_FUNCTION = YES;
				GCC_WARN_UNUSED_VARIABLE = YES;
				IPHONEOS_DEPLOYMENT_TARGET = 13.7;
				MTL_ENABLE_DEBUG_INFO = INCLUDE_SOURCE;
				MTL_FAST_MATH = YES;
				ONLY_ACTIVE_ARCH = YES;
				SDKROOT = iphoneos;
				SWIFT_ACTIVE_COMPILATION_CONDITIONS = DEBUG;
				SWIFT_OPTIMIZATION_LEVEL = "-Onone";
			};
			name = Debug;
		};
		046E332C25C26470002B2859 /* Release */ = {
			isa = XCBuildConfiguration;
			buildSettings = {
				ALWAYS_SEARCH_USER_PATHS = NO;
				CLANG_ANALYZER_NONNULL = YES;
				CLANG_ANALYZER_NUMBER_OBJECT_CONVERSION = YES_AGGRESSIVE;
				CLANG_CXX_LANGUAGE_STANDARD = "gnu++14";
				CLANG_CXX_LIBRARY = "libc++";
				CLANG_ENABLE_MODULES = YES;
				CLANG_ENABLE_OBJC_ARC = YES;
				CLANG_ENABLE_OBJC_WEAK = YES;
				CLANG_WARN_BLOCK_CAPTURE_AUTORELEASING = YES;
				CLANG_WARN_BOOL_CONVERSION = YES;
				CLANG_WARN_COMMA = YES;
				CLANG_WARN_CONSTANT_CONVERSION = YES;
				CLANG_WARN_DEPRECATED_OBJC_IMPLEMENTATIONS = YES;
				CLANG_WARN_DIRECT_OBJC_ISA_USAGE = YES_ERROR;
				CLANG_WARN_DOCUMENTATION_COMMENTS = YES;
				CLANG_WARN_EMPTY_BODY = YES;
				CLANG_WARN_ENUM_CONVERSION = YES;
				CLANG_WARN_INFINITE_RECURSION = YES;
				CLANG_WARN_INT_CONVERSION = YES;
				CLANG_WARN_NON_LITERAL_NULL_CONVERSION = YES;
				CLANG_WARN_OBJC_IMPLICIT_RETAIN_SELF = YES;
				CLANG_WARN_OBJC_LITERAL_CONVERSION = YES;
				CLANG_WARN_OBJC_ROOT_CLASS = YES_ERROR;
				CLANG_WARN_RANGE_LOOP_ANALYSIS = YES;
				CLANG_WARN_STRICT_PROTOTYPES = YES;
				CLANG_WARN_SUSPICIOUS_MOVE = YES;
				CLANG_WARN_UNGUARDED_AVAILABILITY = YES_AGGRESSIVE;
				CLANG_WARN_UNREACHABLE_CODE = YES;
				CLANG_WARN__DUPLICATE_METHOD_MATCH = YES;
				COPY_PHASE_STRIP = NO;
				DEBUG_INFORMATION_FORMAT = "dwarf-with-dsym";
				ENABLE_NS_ASSERTIONS = NO;
				ENABLE_STRICT_OBJC_MSGSEND = YES;
				GCC_C_LANGUAGE_STANDARD = gnu11;
				GCC_NO_COMMON_BLOCKS = YES;
				GCC_WARN_64_TO_32_BIT_CONVERSION = YES;
				GCC_WARN_ABOUT_RETURN_TYPE = YES_ERROR;
				GCC_WARN_UNDECLARED_SELECTOR = YES;
				GCC_WARN_UNINITIALIZED_AUTOS = YES_AGGRESSIVE;
				GCC_WARN_UNUSED_FUNCTION = YES;
				GCC_WARN_UNUSED_VARIABLE = YES;
				IPHONEOS_DEPLOYMENT_TARGET = 13.7;
				MTL_ENABLE_DEBUG_INFO = NO;
				MTL_FAST_MATH = YES;
				SDKROOT = iphoneos;
				SWIFT_COMPILATION_MODE = wholemodule;
				SWIFT_OPTIMIZATION_LEVEL = "-O";
				VALIDATE_PRODUCT = YES;
			};
			name = Release;
		};
		046E332E25C26470002B2859 /* Debug */ = {
			isa = XCBuildConfiguration;
			buildSettings = {
				ASSETCATALOG_COMPILER_APPICON_NAME = AppIcon;
				CODE_SIGN_STYLE = Automatic;
				DEVELOPMENT_ASSET_PATHS = "\"Formulir/Preview Content\"";
				DEVELOPMENT_TEAM = B5S8FA58KA;
				ENABLE_PREVIEWS = YES;
				INFOPLIST_FILE = Formulir/Info.plist;
				LD_RUNPATH_SEARCH_PATHS = (
					"$(inherited)",
					"@executable_path/Frameworks",
				);
				PRODUCT_BUNDLE_IDENTIFIER = "RPL-A.Formulir";
				PRODUCT_NAME = "$(TARGET_NAME)";
				SWIFT_VERSION = 5.0;
				TARGETED_DEVICE_FAMILY = "1,2";
			};
			name = Debug;
		};
		046E332F25C26470002B2859 /* Release */ = {
			isa = XCBuildConfiguration;
			buildSettings = {
				ASSETCATALOG_COMPILER_APPICON_NAME = AppIcon;
				CODE_SIGN_STYLE = Automatic;
				DEVELOPMENT_ASSET_PATHS = "\"Formulir/Preview Content\"";
				DEVELOPMENT_TEAM = B5S8FA58KA;
				ENABLE_PREVIEWS = YES;
				INFOPLIST_FILE = Formulir/Info.plist;
				LD_RUNPATH_SEARCH_PATHS = (
					"$(inherited)",
					"@executable_path/Frameworks",
				);
				PRODUCT_BUNDLE_IDENTIFIER = "RPL-A.Formulir";
				PRODUCT_NAME = "$(TARGET_NAME)";
				SWIFT_VERSION = 5.0;
				TARGETED_DEVICE_FAMILY = "1,2";
			};
			name = Release;
		};
		046E333125C26470002B2859 /* Debug */ = {
			isa = XCBuildConfiguration;
			buildSettings = {
				ALWAYS_EMBED_SWIFT_STANDARD_LIBRARIES = YES;
				BUNDLE_LOADER = "$(TEST_HOST)";
				CODE_SIGN_STYLE = Automatic;
				INFOPLIST_FILE = FormulirTests/Info.plist;
				IPHONEOS_DEPLOYMENT_TARGET = 13.7;
				LD_RUNPATH_SEARCH_PATHS = (
					"$(inherited)",
					"@executable_path/Frameworks",
					"@loader_path/Frameworks",
				);
				PRODUCT_BUNDLE_IDENTIFIER = "RPL-A.FormulirTests";
				PRODUCT_NAME = "$(TARGET_NAME)";
				SWIFT_VERSION = 5.0;
				TARGETED_DEVICE_FAMILY = "1,2";
				TEST_HOST = "$(BUILT_PRODUCTS_DIR)/Formulir.app/Formulir";
			};
			name = Debug;
		};
		046E333225C26470002B2859 /* Release */ = {
			isa = XCBuildConfiguration;
			buildSettings = {
				ALWAYS_EMBED_SWIFT_STANDARD_LIBRARIES = YES;
				BUNDLE_LOADER = "$(TEST_HOST)";
				CODE_SIGN_STYLE = Automatic;
				INFOPLIST_FILE = FormulirTests/Info.plist;
				IPHONEOS_DEPLOYMENT_TARGET = 13.7;
				LD_RUNPATH_SEARCH_PATHS = (
					"$(inherited)",
					"@executable_path/Frameworks",
					"@loader_path/Frameworks",
				);
				PRODUCT_BUNDLE_IDENTIFIER = "RPL-A.FormulirTests";
				PRODUCT_NAME = "$(TARGET_NAME)";
				SWIFT_VERSION = 5.0;
				TARGETED_DEVICE_FAMILY = "1,2";
				TEST_HOST = "$(BUILT_PRODUCTS_DIR)/Formulir.app/Formulir";
			};
			name = Release;
		};
		046E333425C26470002B2859 /* Debug */ = {
			isa = XCBuildConfiguration;
			buildSettings = {
				ALWAYS_EMBED_SWIFT_STANDARD_LIBRARIES = YES;
				CODE_SIGN_STYLE = Automatic;
				INFOPLIST_FILE = FormulirUITests/Info.plist;
				LD_RUNPATH_SEARCH_PATHS = (
					"$(inherited)",
					"@executable_path/Frameworks",
					"@loader_path/Frameworks",
				);
				PRODUCT_BUNDLE_IDENTIFIER = "RPL-A.FormulirUITests";
				PRODUCT_NAME = "$(TARGET_NAME)";
				SWIFT_VERSION = 5.0;
				TARGETED_DEVICE_FAMILY = "1,2";
				TEST_TARGET_NAME = Formulir;
			};
			name = Debug;
		};
		046E333525C26470002B2859 /* Release */ = {
			isa = XCBuildConfiguration;
			buildSettings = {
				ALWAYS_EMBED_SWIFT_STANDARD_LIBRARIES = YES;
				CODE_SIGN_STYLE = Automatic;
				INFOPLIST_FILE = FormulirUITests/Info.plist;
				LD_RUNPATH_SEARCH_PATHS = (
					"$(inherited)",
					"@executable_path/Frameworks",
					"@loader_path/Frameworks",
				);
				PRODUCT_BUNDLE_IDENTIFIER = "RPL-A.FormulirUITests";
				PRODUCT_NAME = "$(TARGET_NAME)";
				SWIFT_VERSION = 5.0;
				TARGETED_DEVICE_FAMILY = "1,2";
				TEST_TARGET_NAME = Formulir;
			};
			name = Release;
		};
/* End XCBuildConfiguration section */

/* Begin XCConfigurationList section */
		046E32FE25C2646C002B2859 /* Build configuration list for PBXProject "Formulir" */ = {
			isa = XCConfigurationList;
			buildConfigurations = (
				046E332B25C26470002B2859 /* Debug */,
				046E332C25C26470002B2859 /* Release */,
			);
			defaultConfigurationIsVisible = 0;
			defaultConfigurationName = Release;
		};
		046E332D25C26470002B2859 /* Build configuration list for PBXNativeTarget "Formulir" */ = {
			isa = XCConfigurationList;
			buildConfigurations = (
				046E332E25C26470002B2859 /* Debug */,
				046E332F25C26470002B2859 /* Release */,
			);
			defaultConfigurationIsVisible = 0;
			defaultConfigurationName = Release;
		};
		046E333025C26470002B2859 /* Build configuration list for PBXNativeTarget "FormulirTests" */ = {
			isa = XCConfigurationList;
			buildConfigurations = (
				046E333125C26470002B2859 /* Debug */,
				046E333225C26470002B2859 /* Release */,
			);
			defaultConfigurationIsVisible = 0;
			defaultConfigurationName = Release;
		};
		046E333325C26470002B2859 /* Build configuration list for PBXNativeTarget "FormulirUITests" */ = {
			isa = XCConfigurationList;
			buildConfigurations = (
				046E333425C26470002B2859 /* Debug */,
				046E333525C26470002B2859 /* Release */,
			);
			defaultConfigurationIsVisible = 0;
			defaultConfigurationName = Release;
		};
/* End XCConfigurationList section */
	};
	rootObject = 046E32FB25C2646C002B2859 /* Project object */;
}
